{
  "name": "temp",
  "version": "1.0.0",
  "lockfileVersion": 3,
  "requires": true,
  "packages": {
    "": {
      "name": "temp",
      "version": "1.0.0",
      "license": "ISC",
      "dependencies": {
        "@types/jquery": "^3.5.21"
      }
    },
    "node_modules/@types/jquery": {
      "version": "3.5.21",
      "resolved": "https://registry.npmjs.org/@types/jquery/-/jquery-3.5.21.tgz",
      "integrity": "sha512-BgCalH4OX2JcjbnD9E86L+WeN6IcCGZle+Iy0I6eOMuraAfcMb0Z1x9E51rC2Dqq+m8KexEoDBW6GIJxUPmLEg==",
      "dependencies": {
        "@types/sizzle": "*"
      }
    },
    "node_modules/@types/sizzle": {
      "version": "2.3.2",
      "resolved": "https://registry.npmjs.org/@types/sizzle/-/sizzle-2.3.2.tgz",
      "integrity": "sha512-7EJYyKTL7tFR8+gDbB6Wwz/arpGa0Mywk1TJbNzKzHtzbwVmY4HR9WqS5VV7dsBUKQmPNr192jHr/VpBluj/hg=="
    }
  }
}
